
Microsoft Visual Studio Solution File, Format Version 12.00
# Visual Studio Version 17
VisualStudioVersion = 17.4.33205.214
MinimumVisualStudioVersion = 10.0.40219.1
Project("{FAE04EC0-301F-11D3-BF4B-00C04F79EFBC}") = "PMS-API", "PMS-API\PMS-API.csproj", "{CF3278D2-2065-4D02-88C5-454D74FB3CE1}"
EndProject
Global
	GlobalSection(SolutionConfigurationPlatforms) = preSolution
		Debug|Any CPU = Debug|Any CPU
		Release|Any CPU = Release|Any CPU
	EndGlobalSection
	GlobalSection(ProjectConfigurationPlatforms) = postSolution
		{CF3278D2-2065-4D02-88C5-454D74FB3CE1}.Debug|Any CPU.ActiveCfg = Debug|Any CPU
		{CF3278D2-2065-4D02-88C5-454D74FB3CE1}.Debug|Any CPU.Build.0 = Debug|Any CPU
		{CF3278D2-2065-4D02-88C5-454D74FB3CE1}.Release|Any CPU.ActiveCfg = Release|Any CPU
		{CF3278D2-2065-4D02-88C5-454D74FB3CE1}.Release|Any CPU.Build.0 = Release|Any CPU
	EndGlobalSection
	GlobalSection(SolutionProperties) = preSolution
		HideSolutionNode = FALSE
	EndGlobalSection
	GlobalSection(ExtensibilityGlobals) = postSolution
		SolutionGuid = {9156822D-533D-47D4-AF1B-718D4C4C2A74}
	EndGlobalSection
EndGlobal
